
Microsoft Visual Studio Solution File, Format Version 12.00
# Visual Studio 14
VisualStudioVersion = 14.0.23107.0
MinimumVisualStudioVersion = 10.0.40219.1
Project("{FAE04EC0-301F-11D3-BF4B-00C04F79EFBC}") = "Collection", "Collection\Collection.csproj", "{FA74ED98-3279-4215-A9E5-364615ACA6B2}"
EndProject
Project("{FAE04EC0-301F-11D3-BF4B-00C04F79EFBC}") = "Test", "Test\Test.csproj", "{B4FD557D-0647-4C3F-8DE1-0E389EC7B723}"
EndProject
Project("{FAE04EC0-301F-11D3-BF4B-00C04F79EFBC}") = "TreeGridTest", "TreeGridTest\TreeGridTest.csproj", "{66E2AA25-19B2-4D43-9D55-697459E450DA}"
EndProject
Project("{FAE04EC0-301F-11D3-BF4B-00C04F79EFBC}") = "Controls", "Controls\Controls.csproj", "{386E5342-9BEB-4766-A9F4-21EFFEB3D831}"
EndProject
Global
	GlobalSection(SolutionConfigurationPlatforms) = preSolution
		Debug|Any CPU = Debug|Any CPU
		Release|Any CPU = Release|Any CPU
	EndGlobalSection
	GlobalSection(ProjectConfigurationPlatforms) = postSolution
		{FA74ED98-3279-4215-A9E5-364615ACA6B2}.Debug|Any CPU.ActiveCfg = Debug|Any CPU
		{FA74ED98-3279-4215-A9E5-364615ACA6B2}.Debug|Any CPU.Build.0 = Debug|Any CPU
		{FA74ED98-3279-4215-A9E5-364615ACA6B2}.Release|Any CPU.ActiveCfg = Release|Any CPU
		{FA74ED98-3279-4215-A9E5-364615ACA6B2}.Release|Any CPU.Build.0 = Release|Any CPU
		{B4FD557D-0647-4C3F-8DE1-0E389EC7B723}.Debug|Any CPU.ActiveCfg = Debug|Any CPU
		{B4FD557D-0647-4C3F-8DE1-0E389EC7B723}.Debug|Any CPU.Build.0 = Debug|Any CPU
		{B4FD557D-0647-4C3F-8DE1-0E389EC7B723}.Release|Any CPU.ActiveCfg = Release|Any CPU
		{B4FD557D-0647-4C3F-8DE1-0E389EC7B723}.Release|Any CPU.Build.0 = Release|Any CPU
		{66E2AA25-19B2-4D43-9D55-697459E450DA}.Debug|Any CPU.ActiveCfg = Debug|Any CPU
		{66E2AA25-19B2-4D43-9D55-697459E450DA}.Debug|Any CPU.Build.0 = Debug|Any CPU
		{66E2AA25-19B2-4D43-9D55-697459E450DA}.Release|Any CPU.ActiveCfg = Release|Any CPU
		{66E2AA25-19B2-4D43-9D55-697459E450DA}.Release|Any CPU.Build.0 = Release|Any CPU
		{386E5342-9BEB-4766-A9F4-21EFFEB3D831}.Debug|Any CPU.ActiveCfg = Debug|Any CPU
		{386E5342-9BEB-4766-A9F4-21EFFEB3D831}.Debug|Any CPU.Build.0 = Debug|Any CPU
		{386E5342-9BEB-4766-A9F4-21EFFEB3D831}.Release|Any CPU.ActiveCfg = Release|Any CPU
		{386E5342-9BEB-4766-A9F4-21EFFEB3D831}.Release|Any CPU.Build.0 = Release|Any CPU
	EndGlobalSection
	GlobalSection(SolutionProperties) = preSolution
		HideSolutionNode = FALSE
	EndGlobalSection
EndGlobal
